
Microsoft Visual Studio Solution File, Format Version 12.00
# Visual Studio 15
VisualStudioVersion = 15.0.27004.2005
MinimumVisualStudioVersion = 10.0.40219.1
Project("{8BC9CEB8-8B4A-11D0-8D11-00A0C91BC942}") = "HunterXHunter", "HunterXHunter\HunterXHunter.vcxproj", "{2C5FD6DF-D344-41DC-B40F-83E000EC739C}"
EndProject
Global
	GlobalSection(SolutionConfigurationPlatforms) = preSolution
		Debug|x64 = Debug|x64
		Debug|x86 = Debug|x86
		Release|x64 = Release|x64
		Release|x86 = Release|x86
	EndGlobalSection
	GlobalSection(ProjectConfigurationPlatforms) = postSolution
		{2C5FD6DF-D344-41DC-B40F-83E000EC739C}.Debug|x64.ActiveCfg = Debug|x64
		{2C5FD6DF-D344-41DC-B40F-83E000EC739C}.Debug|x64.Build.0 = Debug|x64
		{2C5FD6DF-D344-41DC-B40F-83E000EC739C}.Debug|x86.ActiveCfg = Debug|Win32
		{2C5FD6DF-D344-41DC-B40F-83E000EC739C}.Debug|x86.Build.0 = Debug|Win32
		{2C5FD6DF-D344-41DC-B40F-83E000EC739C}.Release|x64.ActiveCfg = Release|x64
		{2C5FD6DF-D344-41DC-B40F-83E000EC739C}.Release|x64.Build.0 = Release|x64
		{2C5FD6DF-D344-41DC-B40F-83E000EC739C}.Release|x86.ActiveCfg = Release|Win32
		{2C5FD6DF-D344-41DC-B40F-83E000EC739C}.Release|x86.Build.0 = Release|Win32
	EndGlobalSection
	GlobalSection(SolutionProperties) = preSolution
		HideSolutionNode = FALSE
	EndGlobalSection
	GlobalSection(ExtensibilityGlobals) = postSolution
		SolutionGuid = {71949FC3-3705-4D20-84CC-39577388333C}
	EndGlobalSection
EndGlobal
